
Microsoft Visual Studio Solution File, Format Version 12.00
# Visual Studio 2012
Project("{D954291E-2A0B-460D-934E-DC6B0785DB48}") = "SocialBanks", "SocialBanks\SocialBanks.shproj", "{79D226CE-10FA-4A83-8D64-FE94C849492D}"
EndProject
Project("{FAE04EC0-301F-11D3-BF4B-00C04F79EFBC}") = "SocialBanks.iOS", "iOS\SocialBanks.iOS.csproj", "{E9334D8E-245D-4D41-B0A9-FEB9E763D977}"
EndProject
Project("{FAE04EC0-301F-11D3-BF4B-00C04F79EFBC}") = "SocialBanks.Droid", "Droid\SocialBanks.Droid.csproj", "{78AE3DB9-060B-4954-93DE-3FBD32EFEC36}"
EndProject
Global
	GlobalSection(SolutionConfigurationPlatforms) = preSolution
		Debug|iPhoneSimulator = Debug|iPhoneSimulator
		Release|iPhoneSimulator = Release|iPhoneSimulator
		Debug|iPhone = Debug|iPhone
		Release|iPhone = Release|iPhone
		Ad-Hoc|iPhone = Ad-Hoc|iPhone
		AppStore|iPhone = AppStore|iPhone
		Debug|Any CPU = Debug|Any CPU
		Release|Any CPU = Release|Any CPU
	EndGlobalSection
	GlobalSection(ProjectConfigurationPlatforms) = postSolution
		{78AE3DB9-060B-4954-93DE-3FBD32EFEC36}.Ad-Hoc|iPhone.ActiveCfg = Release|Any CPU
		{78AE3DB9-060B-4954-93DE-3FBD32EFEC36}.Ad-Hoc|iPhone.Build.0 = Release|Any CPU
		{78AE3DB9-060B-4954-93DE-3FBD32EFEC36}.AppStore|iPhone.ActiveCfg = Release|Any CPU
		{78AE3DB9-060B-4954-93DE-3FBD32EFEC36}.AppStore|iPhone.Build.0 = Release|Any CPU
		{78AE3DB9-060B-4954-93DE-3FBD32EFEC36}.Debug|Any CPU.ActiveCfg = Debug|Any CPU
		{78AE3DB9-060B-4954-93DE-3FBD32EFEC36}.Debug|Any CPU.Build.0 = Debug|Any CPU
		{78AE3DB9-060B-4954-93DE-3FBD32EFEC36}.Debug|iPhone.ActiveCfg = Debug|Any CPU
		{78AE3DB9-060B-4954-93DE-3FBD32EFEC36}.Debug|iPhone.Build.0 = Debug|Any CPU
		{78AE3DB9-060B-4954-93DE-3FBD32EFEC36}.Debug|iPhoneSimulator.ActiveCfg = Debug|Any CPU
		{78AE3DB9-060B-4954-93DE-3FBD32EFEC36}.Debug|iPhoneSimulator.Build.0 = Debug|Any CPU
		{78AE3DB9-060B-4954-93DE-3FBD32EFEC36}.Release|Any CPU.ActiveCfg = Release|Any CPU
		{78AE3DB9-060B-4954-93DE-3FBD32EFEC36}.Release|Any CPU.Build.0 = Release|Any CPU
		{78AE3DB9-060B-4954-93DE-3FBD32EFEC36}.Release|iPhone.ActiveCfg = Release|Any CPU
		{78AE3DB9-060B-4954-93DE-3FBD32EFEC36}.Release|iPhone.Build.0 = Release|Any CPU
		{78AE3DB9-060B-4954-93DE-3FBD32EFEC36}.Release|iPhoneSimulator.ActiveCfg = Release|Any CPU
		{78AE3DB9-060B-4954-93DE-3FBD32EFEC36}.Release|iPhoneSimulator.Build.0 = Release|Any CPU
		{E9334D8E-245D-4D41-B0A9-FEB9E763D977}.Ad-Hoc|iPhone.ActiveCfg = Ad-Hoc|iPhone
		{E9334D8E-245D-4D41-B0A9-FEB9E763D977}.Ad-Hoc|iPhone.Build.0 = Ad-Hoc|iPhone
		{E9334D8E-245D-4D41-B0A9-FEB9E763D977}.AppStore|iPhone.ActiveCfg = AppStore|iPhone
		{E9334D8E-245D-4D41-B0A9-FEB9E763D977}.AppStore|iPhone.Build.0 = AppStore|iPhone
		{E9334D8E-245D-4D41-B0A9-FEB9E763D977}.Debug|Any CPU.ActiveCfg = Debug|iPhoneSimulator
		{E9334D8E-245D-4D41-B0A9-FEB9E763D977}.Debug|Any CPU.Build.0 = Debug|iPhoneSimulator
		{E9334D8E-245D-4D41-B0A9-FEB9E763D977}.Debug|iPhone.ActiveCfg = Debug|iPhone
		{E9334D8E-245D-4D41-B0A9-FEB9E763D977}.Debug|iPhone.Build.0 = Debug|iPhone
		{E9334D8E-245D-4D41-B0A9-FEB9E763D977}.Debug|iPhoneSimulator.ActiveCfg = Debug|iPhoneSimulator
		{E9334D8E-245D-4D41-B0A9-FEB9E763D977}.Debug|iPhoneSimulator.Build.0 = Debug|iPhoneSimulator
		{E9334D8E-245D-4D41-B0A9-FEB9E763D977}.Release|Any CPU.ActiveCfg = Release|iPhoneSimulator
		{E9334D8E-245D-4D41-B0A9-FEB9E763D977}.Release|Any CPU.Build.0 = Release|iPhoneSimulator
		{E9334D8E-245D-4D41-B0A9-FEB9E763D977}.Release|iPhone.ActiveCfg = Release|iPhone
		{E9334D8E-245D-4D41-B0A9-FEB9E763D977}.Release|iPhone.Build.0 = Release|iPhone
		{E9334D8E-245D-4D41-B0A9-FEB9E763D977}.Release|iPhoneSimulator.ActiveCfg = Release|iPhoneSimulator
		{E9334D8E-245D-4D41-B0A9-FEB9E763D977}.Release|iPhoneSimulator.Build.0 = Release|iPhoneSimulator
	EndGlobalSection
EndGlobal
